
Microsoft Visual Studio Solution File, Format Version 12.00
# Visual Studio Version 17
VisualStudioVersion = 17.0.31903.59
MinimumVisualStudioVersion = 10.0.40219.1
Project("{FAE04EC0-301F-11D3-BF4B-00C04F79EFBC}") = "test", "test\test.csproj", "{D64EEDE4-9304-4E36-BCB6-2823D3299AD7}"
EndProject
Project("{FAE04EC0-301F-11D3-BF4B-00C04F79EFBC}") = "dotnet-affected-tv-repro", "src\dotnet-affected-tv-repro.csproj", "{7C1FFA96-3903-44EE-B8C5-69B1375D4D7C}"
EndProject
Global
	GlobalSection(SolutionConfigurationPlatforms) = preSolution
		Debug|Any CPU = Debug|Any CPU
		Release|Any CPU = Release|Any CPU
	EndGlobalSection
	GlobalSection(SolutionProperties) = preSolution
		HideSolutionNode = FALSE
	EndGlobalSection
	GlobalSection(ProjectConfigurationPlatforms) = postSolution
		{D64EEDE4-9304-4E36-BCB6-2823D3299AD7}.Debug|Any CPU.ActiveCfg = Debug|Any CPU
		{D64EEDE4-9304-4E36-BCB6-2823D3299AD7}.Debug|Any CPU.Build.0 = Debug|Any CPU
		{D64EEDE4-9304-4E36-BCB6-2823D3299AD7}.Release|Any CPU.ActiveCfg = Release|Any CPU
		{D64EEDE4-9304-4E36-BCB6-2823D3299AD7}.Release|Any CPU.Build.0 = Release|Any CPU
		{7C1FFA96-3903-44EE-B8C5-69B1375D4D7C}.Debug|Any CPU.ActiveCfg = Debug|Any CPU
		{7C1FFA96-3903-44EE-B8C5-69B1375D4D7C}.Debug|Any CPU.Build.0 = Debug|Any CPU
		{7C1FFA96-3903-44EE-B8C5-69B1375D4D7C}.Release|Any CPU.ActiveCfg = Release|Any CPU
		{7C1FFA96-3903-44EE-B8C5-69B1375D4D7C}.Release|Any CPU.Build.0 = Release|Any CPU
	EndGlobalSection
EndGlobal
